
Microsoft Visual Studio Solution File, Format Version 12.00
# Visual Studio 15
VisualStudioVersion = 15.0.26430.14
MinimumVisualStudioVersion = 10.0.40219.1
Project("{FAE04EC0-301F-11D3-BF4B-00C04F79EFBC}") = "Services", "Services\Services.csproj", "{1B2C5AE7-7987-423A-8D26-FCE9D4CB8732}"
EndProject
Project("{FAE04EC0-301F-11D3-BF4B-00C04F79EFBC}") = "ChatServiceClient", "ChatServiceClient\ChatServiceClient.csproj", "{896F9F41-3F51-4D5D-AE64-CDEADAC9AA7B}"
	ProjectSection(ProjectDependencies) = postProject
		{1B2C5AE7-7987-423A-8D26-FCE9D4CB8732} = {1B2C5AE7-7987-423A-8D26-FCE9D4CB8732}
	EndProjectSection
EndProject
Project("{FAE04EC0-301F-11D3-BF4B-00C04F79EFBC}") = "Contracts", "Contracts\Contracts.csproj", "{413A57A2-C74A-47DB-A8D0-8109B7D09AE9}"
EndProject
Global
	GlobalSection(SolutionConfigurationPlatforms) = preSolution
		Debug|Any CPU = Debug|Any CPU
		Release|Any CPU = Release|Any CPU
	EndGlobalSection
	GlobalSection(ProjectConfigurationPlatforms) = postSolution
		{1B2C5AE7-7987-423A-8D26-FCE9D4CB8732}.Debug|Any CPU.ActiveCfg = Debug|Any CPU
		{1B2C5AE7-7987-423A-8D26-FCE9D4CB8732}.Debug|Any CPU.Build.0 = Debug|Any CPU
		{1B2C5AE7-7987-423A-8D26-FCE9D4CB8732}.Release|Any CPU.ActiveCfg = Release|Any CPU
		{1B2C5AE7-7987-423A-8D26-FCE9D4CB8732}.Release|Any CPU.Build.0 = Release|Any CPU
		{896F9F41-3F51-4D5D-AE64-CDEADAC9AA7B}.Debug|Any CPU.ActiveCfg = Debug|Any CPU
		{896F9F41-3F51-4D5D-AE64-CDEADAC9AA7B}.Debug|Any CPU.Build.0 = Debug|Any CPU
		{896F9F41-3F51-4D5D-AE64-CDEADAC9AA7B}.Release|Any CPU.ActiveCfg = Release|Any CPU
		{896F9F41-3F51-4D5D-AE64-CDEADAC9AA7B}.Release|Any CPU.Build.0 = Release|Any CPU
		{413A57A2-C74A-47DB-A8D0-8109B7D09AE9}.Debug|Any CPU.ActiveCfg = Debug|Any CPU
		{413A57A2-C74A-47DB-A8D0-8109B7D09AE9}.Debug|Any CPU.Build.0 = Debug|Any CPU
		{413A57A2-C74A-47DB-A8D0-8109B7D09AE9}.Release|Any CPU.ActiveCfg = Release|Any CPU
		{413A57A2-C74A-47DB-A8D0-8109B7D09AE9}.Release|Any CPU.Build.0 = Release|Any CPU
	EndGlobalSection
	GlobalSection(SolutionProperties) = preSolution
		HideSolutionNode = FALSE
	EndGlobalSection
EndGlobal
